PODS:
  - Alamofire (4.7.0)
  - CocoaLumberjack (3.4.1):
    - CocoaLumberjack/Default (= 3.4.1)
    - CocoaLumberjack/Extensions (= 3.4.1)
  - CocoaLumberjack/Default (3.4.1)
  - CocoaLumberjack/Extensions (3.4.1):
    - CocoaLumberjack/Default
  - CropViewController (2.3.6)
  - JGProgressHUD (2.0)
  - SVGKit (2.0.1):
    - CocoaLumberjack (~> 3.x)

DEPENDENCIES:
  - Alamofire
  - CropViewController
  - JGProgressHUD
  - SVGKit (from `https://github.com/SVGKit/SVGKit.git`, branch `2.x`)

SPEC REPOS:
  https://github.com/cocoapods/specs.git:
    - Alamofire
    - CocoaLumberjack
    - CropViewController
    - JGProgressHUD

EXTERNAL SOURCES:
  SVGKit:
    :branch: 2.x
    :git: https://github.com/SVGKit/SVGKit.git

CHECKOUT OPTIONS:
  SVGKit:
    :commit: d239c2b1b1476667e0470fc7d794649f70cff5a1
    :git: https://github.com/SVGKit/SVGKit.git

SPEC CHECKSUMS:
  Alamofire: 907e0a98eb68cdb7f9d1f541a563d6ac5dc77b25
  CocoaLumberjack: 2e258a064cacc8eb9a2aca318e24d02a0a7fd56d
  CropViewController: e6d4bd512d15a1709e9ddf71fe7d98ffd05dda0f
  JGProgressHUD: c402c0f41fc291ca7e33bba2f999118d9682dd9c
  SVGKit: 4055d9e809b5db8633755979cfb3b02dc5a8c20d

PODFILE CHECKSUM: f34b2f42b063fa6036375b49811ee3c9b251c63f

COCOAPODS: 1.5.3
