PODS:
  - Alamofire (4.6.0)
  - CropViewController (2.3.6)
  - GPUImage (0.1.7)

DEPENDENCIES:
  - Alamofire
  - CropViewController
  - GPUImage

SPEC CHECKSUMS:
  Alamofire: f41a599bd63041760b26d393ec1069d9d7b917f4
  CropViewController: e6d4bd512d15a1709e9ddf71fe7d98ffd05dda0f
  GPUImage: 733a5f0fab92df9de1c37ba9df520a833ccb406d

PODFILE CHECKSUM: dc9ef1b7e95f862b063b218fb936196a79f405cb

COCOAPODS: 1.2.0
